
Microsoft Visual Studio Solution File, Format Version 12.00
# Visual Studio Version 17
VisualStudioVersion = 17.14.36414.22 d17.14
MinimumVisualStudioVersion = 10.0.40219.1
Project("{FAE04EC0-301F-11D3-BF4B-00C04F79EFBC}") = "PatikaCodeFirst2", "PatikaCodeFirst2\PatikaCodeFirst2.csproj", "{6CC47049-929E-4CAD-8780-233B795F97E6}"
EndProject
Global
	GlobalSection(SolutionConfigurationPlatforms) = preSolution
		Debug|Any CPU = Debug|Any CPU
		Release|Any CPU = Release|Any CPU
	EndGlobalSection
	GlobalSection(ProjectConfigurationPlatforms) = postSolution
		{6CC47049-929E-4CAD-8780-233B795F97E6}.Debug|Any CPU.ActiveCfg = Debug|Any CPU
		{6CC47049-929E-4CAD-8780-233B795F97E6}.Debug|Any CPU.Build.0 = Debug|Any CPU
		{6CC47049-929E-4CAD-8780-233B795F97E6}.Release|Any CPU.ActiveCfg = Release|Any CPU
		{6CC47049-929E-4CAD-8780-233B795F97E6}.Release|Any CPU.Build.0 = Release|Any CPU
	EndGlobalSection
	GlobalSection(SolutionProperties) = preSolution
		HideSolutionNode = FALSE
	EndGlobalSection
	GlobalSection(ExtensibilityGlobals) = postSolution
		SolutionGuid = {BC130C5C-6384-46BD-AF2F-752EB7D3C368}
	EndGlobalSection
EndGlobal
